
Microsoft Visual Studio Solution File, Format Version 11.00
# Visual Studio 2010
Project("{FAE04EC0-301F-11D3-BF4B-00C04F79EFBC}") = "Assembly-CSharp", "Assembly-CSharp.csproj", "{96b0cd9b-a289-384c-f66f-dfde05d0b2d6}"
EndProject
Project("{FAE04EC0-301F-11D3-BF4B-00C04F79EFBC}") = "Assembly-CSharp-Editor", "Assembly-CSharp-Editor.csproj", "{e7930489-7d06-0bb1-7c13-166f5453fb16}"
EndProject
Global
	GlobalSection(SolutionConfigurationPlatforms) = preSolution
		Debug|Any CPU = Debug|Any CPU
		Release|Any CPU = Release|Any CPU
	EndGlobalSection
	GlobalSection(ProjectConfigurationPlatforms) = postSolution
		{96b0cd9b-a289-384c-f66f-dfde05d0b2d6}.Debug|Any CPU.ActiveCfg = Debug|Any CPU
		{96b0cd9b-a289-384c-f66f-dfde05d0b2d6}.Debug|Any CPU.Build.0 = Debug|Any CPU
		{96b0cd9b-a289-384c-f66f-dfde05d0b2d6}.Release|Any CPU.ActiveCfg = Release|Any CPU
		{96b0cd9b-a289-384c-f66f-dfde05d0b2d6}.Release|Any CPU.Build.0 = Release|Any CPU
		{e7930489-7d06-0bb1-7c13-166f5453fb16}.Debug|Any CPU.ActiveCfg = Debug|Any CPU
		{e7930489-7d06-0bb1-7c13-166f5453fb16}.Debug|Any CPU.Build.0 = Debug|Any CPU
		{e7930489-7d06-0bb1-7c13-166f5453fb16}.Release|Any CPU.ActiveCfg = Release|Any CPU
		{e7930489-7d06-0bb1-7c13-166f5453fb16}.Release|Any CPU.Build.0 = Release|Any CPU
	EndGlobalSection
	GlobalSection(SolutionProperties) = preSolution
		HideSolutionNode = FALSE
	EndGlobalSection
EndGlobal
